
Microsoft Visual Studio Solution File, Format Version 12.00
# Visual Studio 15
VisualStudioVersion = 15.0.28307.572
MinimumVisualStudioVersion = 10.0.40219.1
Project("{FAE04EC0-301F-11D3-BF4B-00C04F79EFBC}") = "WebApplication2", "WebApplication2\WebApplication2.csproj", "{CD6F30A4-5B12-4FC4-ADA8-74C7DE2E22DE}"
EndProject
Project("{FAE04EC0-301F-11D3-BF4B-00C04F79EFBC}") = "WebApplication2.Tests", "XUnitTestProject2.Tests\WebApplication2.Tests.csproj", "{92DC65EB-8FE2-461A-8235-231AC3804167}"
EndProject
Global
	GlobalSection(SolutionConfigurationPlatforms) = preSolution
		Debug|Any CPU = Debug|Any CPU
		Release|Any CPU = Release|Any CPU
	EndGlobalSection
	GlobalSection(ProjectConfigurationPlatforms) = postSolution
		{CD6F30A4-5B12-4FC4-ADA8-74C7DE2E22DE}.Debug|Any CPU.ActiveCfg = Debug|Any CPU
		{CD6F30A4-5B12-4FC4-ADA8-74C7DE2E22DE}.Debug|Any CPU.Build.0 = Debug|Any CPU
		{CD6F30A4-5B12-4FC4-ADA8-74C7DE2E22DE}.Release|Any CPU.ActiveCfg = Release|Any CPU
		{CD6F30A4-5B12-4FC4-ADA8-74C7DE2E22DE}.Release|Any CPU.Build.0 = Release|Any CPU
		{92DC65EB-8FE2-461A-8235-231AC3804167}.Debug|Any CPU.ActiveCfg = Debug|Any CPU
		{92DC65EB-8FE2-461A-8235-231AC3804167}.Debug|Any CPU.Build.0 = Debug|Any CPU
		{92DC65EB-8FE2-461A-8235-231AC3804167}.Release|Any CPU.ActiveCfg = Release|Any CPU
		{92DC65EB-8FE2-461A-8235-231AC3804167}.Release|Any CPU.Build.0 = Release|Any CPU
	EndGlobalSection
	GlobalSection(SolutionProperties) = preSolution
		HideSolutionNode = FALSE
	EndGlobalSection
	GlobalSection(ExtensibilityGlobals) = postSolution
		SolutionGuid = {809C61DA-0F8F-4884-87C6-44A55D8C3280}
	EndGlobalSection
EndGlobal
